
Microsoft Visual Studio Solution File, Format Version 12.00
# Visual Studio Version 17
VisualStudioVersion = 17.7.34024.191
MinimumVisualStudioVersion = 10.0.40219.1
Project("{FAE04EC0-301F-11D3-BF4B-00C04F79EFBC}") = "GitAppSecond", "GitAppSecond\GitAppSecond.csproj", "{BAD23E0B-09F6-45B9-A92B-4FE3977EF060}"
EndProject
Global
	GlobalSection(SolutionConfigurationPlatforms) = preSolution
		Debug|Any CPU = Debug|Any CPU
		Release|Any CPU = Release|Any CPU
	EndGlobalSection
	GlobalSection(ProjectConfigurationPlatforms) = postSolution
		{BAD23E0B-09F6-45B9-A92B-4FE3977EF060}.Debug|Any CPU.ActiveCfg = Debug|Any CPU
		{BAD23E0B-09F6-45B9-A92B-4FE3977EF060}.Debug|Any CPU.Build.0 = Debug|Any CPU
		{BAD23E0B-09F6-45B9-A92B-4FE3977EF060}.Release|Any CPU.ActiveCfg = Release|Any CPU
		{BAD23E0B-09F6-45B9-A92B-4FE3977EF060}.Release|Any CPU.Build.0 = Release|Any CPU
	EndGlobalSection
	GlobalSection(SolutionProperties) = preSolution
		HideSolutionNode = FALSE
	EndGlobalSection
	GlobalSection(ExtensibilityGlobals) = postSolution
		SolutionGuid = {A1BCC44C-DDED-4514-84F4-812DBBD6B3C3}
	EndGlobalSection
EndGlobal
